// !$*UTF8*$!
{
	archiveVersion = 1;
	classes = {
	};
	objectVersion = 50;
	objects = {

/* Begin PBXBuildFile section */
		A26AC3932190874F000518A9 /* MemeTableViewController.swift in Sources */ = {isa = PBXBuildFile; fileRef = A26AC3922190874F000518A9 /* MemeTableViewController.swift */; };
		A28191AC21704C430078F9E0 /* MemeModel.swift in Sources */ = {isa = PBXBuildFile; fileRef = A28191AB21704C430078F9E0 /* MemeModel.swift */; };
		A29F242B216740AF0025F0A6 /* AppDelegate.swift in Sources */ = {isa = PBXBuildFile; fileRef = A29F242A216740AF0025F0A6 /* AppDelegate.swift */; };
		A29F242D216740AF0025F0A6 /* MemeEditorViewController.swift in Sources */ = {isa = PBXBuildFile; fileRef = A29F242C216740AF0025F0A6 /* MemeEditorViewController.swift */; };
		A29F2430216740AF0025F0A6 /* Main.storyboard in Resources */ = {isa = PBXBuildFile; fileRef = A29F242E216740AF0025F0A6 /* Main.storyboard */; };
		A29F2432216740B20025F0A6 /* Assets.xcassets in Resources */ = {isa = PBXBuildFile; fileRef = A29F2431216740B20025F0A6 /* Assets.xcassets */; };
		A29F2435216740B20025F0A6 /* LaunchScreen.storyboard in Resources */ = {isa = PBXBuildFile; fileRef = A29F2433216740B20025F0A6 /* LaunchScreen.storyboard */; };
/* End PBXBuildFile section */

/* Begin PBXFileReference section */
		A26AC3922190874F000518A9 /* MemeTableViewController.swift */ = {isa = PBXFileReference; lastKnownFileType = sourcecode.swift; path = MemeTableViewController.swift; sourceTree = "<group>"; };
		A28191AB21704C430078F9E0 /* MemeModel.swift */ = {isa = PBXFileReference; lastKnownFileType = sourcecode.swift; path = MemeModel.swift; sourceTree = "<group>"; };
		A29F2427216740AF0025F0A6 /* MeMe1.0.app */ = {isa = PBXFileReference; explicitFileType = wrapper.application; includeInIndex = 0; path = MeMe1.0.app; sourceTree = BUILT_PRODUCTS_DIR; };
		A29F242A216740AF0025F0A6 /* AppDelegate.swift */ = {isa = PBXFileReference; lastKnownFileType = sourcecode.swift; path = AppDelegate.swift; sourceTree = "<group>"; };
		A29F242C216740AF0025F0A6 /* MemeEditorViewController.swift */ = {isa = PBXFileReference; lastKnownFileType = sourcecode.swift; path = MemeEditorViewController.swift; sourceTree = "<group>"; };
		A29F242F216740AF0025F0A6 /* Base */ = {isa = PBXFileReference; lastKnownFileType = file.storyboard; name = Base; path = Base.lproj/Main.storyboard; sourceTree = "<group>"; };
		A29F2431216740B20025F0A6 /* Assets.xcassets */ = {isa = PBXFileReference; lastKnownFileType = folder.assetcatalog; path = Assets.xcassets; sourceTree = "<group>"; };
		A29F2434216740B20025F0A6 /* Base */ = {isa = PBXFileReference; lastKnownFileType = file.storyboard; name = Base; path = Base.lproj/LaunchScreen.storyboard; sourceTree = "<group>"; };
		A29F2436216740B20025F0A6 /* Info.plist */ = {isa = PBXFileReference; lastKnownFileType = text.plist.xml; path = Info.plist; sourceTree = "<group>"; };
/* End PBXFileReference section */

/* Begin PBXFrameworksBuildPhase section */
		A29F2424216740AF0025F0A6 /* Frameworks */ = {
			isa = PBXFrameworksBuildPhase;
			buildActionMask = 2147483647;
			files = (
			);
			runOnlyForDeploymentPostprocessing = 0;
		};
/* End PBXFrameworksBuildPhase section */

/* Begin PBXGroup section */
		A29F241E216740AF0025F0A6 = {
			isa = PBXGroup;
			children = (
				A29F2429216740AF0025F0A6 /* MeMe1.0 */,
				A29F2428216740AF0025F0A6 /* Products */,
			);
			sourceTree = "<group>";
		};
		A29F2428216740AF0025F0A6 /* Products */ = {
			isa = PBXGroup;
			children = (
				A29F2427216740AF0025F0A6 /* MeMe1.0.app */,
			);
			name = Products;
			sourceTree = "<group>";
		};
		A29F2429216740AF0025F0A6 /* MeMe1.0 */ = {
			isa = PBXGroup;
			children = (
				A29F242A216740AF0025F0A6 /* AppDelegate.swift */,
				A29F242E216740AF0025F0A6 /* Main.storyboard */,
				A29F242C216740AF0025F0A6 /* MemeEditorViewController.swift */,
				A26AC3922190874F000518A9 /* MemeTableViewController.swift */,
				A28191AB21704C430078F9E0 /* MemeModel.swift */,
				A29F2431216740B20025F0A6 /* Assets.xcassets */,
				A29F2433216740B20025F0A6 /* LaunchScreen.storyboard */,
				A29F2436216740B20025F0A6 /* Info.plist */,
			);
			path = MeMe1.0;
			sourceTree = "<group>";
		};
/* End PBXGroup section */

/* Begin PBXNativeTarget section */
		A29F2426216740AF0025F0A6 /* MeMe1.0 */ = {
			isa = PBXNativeTarget;
			buildConfigurationList = A29F2439216740B20025F0A6 /* Build configuration list for PBXNativeTarget "MeMe1.0" */;
			buildPhases = (
				A29F2423216740AF0025F0A6 /* Sources */,
				A29F2424216740AF0025F0A6 /* Frameworks */,
				A29F2425216740AF0025F0A6 /* Resources */,
			);
			buildRules = (
			);
			dependencies = (
			);
			name = MeMe1.0;
			productName = MeMe1.0;
			productReference = A29F2427216740AF0025F0A6 /* MeMe1.0.app */;
			productType = "com.apple.product-type.application";
		};
/* End PBXNativeTarget section */

/* Begin PBXProject section */
		A29F241F216740AF0025F0A6 /* Project object */ = {
			isa = PBXProject;
			attributes = {
				LastSwiftUpdateCheck = 1000;
				LastUpgradeCheck = 1000;
				ORGANIZATIONNAME = slchen;
				TargetAttributes = {
					A29F2426216740AF0025F0A6 = {
						CreatedOnToolsVersion = 10.0;
					};
				};
			};
			buildConfigurationList = A29F2422216740AF0025F0A6 /* Build configuration list for PBXProject "MeMe1.0" */;
			compatibilityVersion = "Xcode 9.3";
			developmentRegion = en;
			hasScannedForEncodings = 0;
			knownRegions = (
				en,
				Base,
			);
			mainGroup = A29F241E216740AF0025F0A6;
			productRefGroup = A29F2428216740AF0025F0A6 /* Products */;
			projectDirPath = "";
			projectRoot = "";
			targets = (
				A29F2426216740AF0025F0A6 /* MeMe1.0 */,
			);
		};
/* End PBXProject section */

/* Begin PBXResourcesBuildPhase section */
		A29F2425216740AF0025F0A6 /* Resources */ = {
			isa = PBXResourcesBuildPhase;
			buildActionMask = 2147483647;
			files = (
				A29F2435216740B20025F0A6 /* LaunchScreen.storyboard in Resources */,
				A29F2432216740B20025F0A6 /* Assets.xcassets in Resources */,
				A29F2430216740AF0025F0A6 /* Main.storyboard in Resources */,
			);
			runOnlyForDeploymentPostprocessing = 0;
		};
/* End PBXResourcesBuildPhase section */

/* Begin PBXSourcesBuildPhase section */
		A29F2423216740AF0025F0A6 /* Sources */ = {
			isa = PBXSourcesBuildPhase;
			buildActionMask = 2147483647;
			files = (
				A28191AC21704C430078F9E0 /* MemeModel.swift in Sources */,
				A29F242D216740AF0025F0A6 /* MemeEditorViewController.swift in Sources */,
				A29F242B216740AF0025F0A6 /* AppDelegate.swift in Sources */,
				A26AC3932190874F000518A9 /* MemeTableViewController.swift in Sources */,
			);
			runOnlyForDeploymentPostprocessing = 0;
		};
/* End PBXSourcesBuildPhase section */

/* Begin PBXVariantGroup section */
		A29F242E216740AF0025F0A6 /* Main.storyboard */ = {
			isa = PBXVariantGroup;
			children = (
				A29F242F216740AF0025F0A6 /* Base */,
			);
			name = Main.storyboard;
			sourceTree = "<group>";
		};
		A29F2433216740B20025F0A6 /* LaunchScreen.storyboard */ = {
			isa = PBXVariantGroup;
			children = (
				A29F2434216740B20025F0A6 /* Base */,
			);
			name = LaunchScreen.storyboard;
			sourceTree = "<group>";
		};
/* End PBXVariantGroup section */

/* Begin XCBuildConfiguration section */
		A29F2437216740B20025F0A6 /* Debug */ = {
			isa = XCBuildConfiguration;
			buildSettings = {
				ALWAYS_SEARCH_USER_PATHS = NO;
				CLANG_ANALYZER_NONNULL = YES;
				CLANG_ANALYZER_NUMBER_OBJECT_CONVERSION = YES_AGGRESSIVE;
				CLANG_CXX_LANGUAGE_STANDARD = "gnu++14";
				CLANG_CXX_LIBRARY = "libc++";
				CLANG_ENABLE_MODULES = YES;
				CLANG_ENABLE_OBJC_ARC = YES;
				CLANG_ENABLE_OBJC_WEAK = YES;
				CLANG_WARN_BLOCK_CAPTURE_AUTORELEASING = YES;
				CLANG_WARN_BOOL_CONVERSION = YES;
				CLANG_WARN_COMMA = YES;
				CLANG_WARN_CONSTANT_CONVERSION = YES;
				CLANG_WARN_DEPRECATED_OBJC_IMPLEMENTATIONS = YES;
				CLANG_WARN_DIRECT_OBJC_ISA_USAGE = YES_ERROR;
				CLANG_WARN_DOCUMENTATION_COMMENTS = YES;
				CLANG_WARN_EMPTY_BODY = YES;
				CLANG_WARN_ENUM_CONVERSION = YES;
				CLANG_WARN_INFINITE_RECURSION = YES;
				CLANG_WARN_INT_CONVERSION = YES;
				CLANG_WARN_NON_LITERAL_NULL_CONVERSION = YES;
				CLANG_WARN_OBJC_IMPLICIT_RETAIN_SELF = YES;
				CLANG_WARN_OBJC_LITERAL_CONVERSION = YES;
				CLANG_WARN_OBJC_ROOT_CLASS = YES_ERROR;
				CLANG_WARN_RANGE_LOOP_ANALYSIS = YES;
				CLANG_WARN_STRICT_PROTOTYPES = YES;
				CLANG_WARN_SUSPICIOUS_MOVE = YES;
				CLANG_WARN_UNGUARDED_AVAILABILITY = YES_AGGRESSIVE;
				CLANG_WARN_UNREACHABLE_CODE = YES;
				CLANG_WARN__DUPLICATE_METHOD_MATCH = YES;
				CODE_SIGN_IDENTITY = "iPhone Developer";
				COPY_PHASE_STRIP = NO;
				DEBUG_INFORMATION_FORMAT = dwarf;
				ENABLE_STRICT_OBJC_MSGSEND = YES;
				ENABLE_TESTABILITY = YES;
				GCC_C_LANGUAGE_STANDARD = gnu11;
				GCC_DYNAMIC_NO_PIC = NO;
				GCC_NO_COMMON_BLOCKS = YES;
				GCC_OPTIMIZATION_LEVEL = 0;
				GCC_PREPROCESSOR_DEFINITIONS = (
					"DEBUG=1",
					"$(inherited)",
				);
				GCC_WARN_64_TO_32_BIT_CONVERSION = YES;
				GCC_WARN_ABOUT_RETURN_TYPE = YES_ERROR;
				GCC_WARN_UNDECLARED_SELECTOR = YES;
				GCC_WARN_UNINITIALIZED_AUTOS = YES_AGGRESSIVE;
				GCC_WARN_UNUSED_FUNCTION = YES;
				GCC_WARN_UNUSED_VARIABLE = YES;
				IPHONEOS_DEPLOYMENT_TARGET = 12.0;
				MTL_ENABLE_DEBUG_INFO = INCLUDE_SOURCE;
				MTL_FAST_MATH = YES;
				ONLY_ACTIVE_ARCH = YES;
				SDKROOT = iphoneos;
				SWIFT_ACTIVE_COMPILATION_CONDITIONS = DEBUG;
				SWIFT_OPTIMIZATION_LEVEL = "-Onone";
			};
			name = Debug;
		};
		A29F2438216740B20025F0A6 /* Release */ = {
			isa = XCBuildConfiguration;
			buildSettings = {
				ALWAYS_SEARCH_USER_PATHS = NO;
				CLANG_ANALYZER_NONNULL = YES;
				CLANG_ANALYZER_NUMBER_OBJECT_CONVERSION = YES_AGGRESSIVE;
				CLANG_CXX_LANGUAGE_STANDARD = "gnu++14";
				CLANG_CXX_LIBRARY = "libc++";
				CLANG_ENABLE_MODULES = YES;
				CLANG_ENABLE_OBJC_ARC = YES;
				CLANG_ENABLE_OBJC_WEAK = YES;
				CLANG_WARN_BLOCK_CAPTURE_AUTORELEASING = YES;
				CLANG_WARN_BOOL_CONVERSION = YES;
				CLANG_WARN_COMMA = YES;
				CLANG_WARN_CONSTANT_CONVERSION = YES;
				CLANG_WARN_DEPRECATED_OBJC_IMPLEMENTATIONS = YES;
				CLANG_WARN_DIRECT_OBJC_ISA_USAGE = YES_ERROR;
				CLANG_WARN_DOCUMENTATION_COMMENTS = YES;
				CLANG_WARN_EMPTY_BODY = YES;
				CLANG_WARN_ENUM_CONVERSION = YES;
				CLANG_WARN_INFINITE_RECURSION = YES;
				CLANG_WARN_INT_CONVERSION = YES;
				CLANG_WARN_NON_LITERAL_NULL_CONVERSION = YES;
				CLANG_WARN_OBJC_IMPLICIT_RETAIN_SELF = YES;
				CLANG_WARN_OBJC_LITERAL_CONVERSION = YES;
				CLANG_WARN_OBJC_ROOT_CLASS = YES_ERROR;
				CLANG_WARN_RANGE_LOOP_ANALYSIS = YES;
				CLANG_WARN_STRICT_PROTOTYPES = YES;
				CLANG_WARN_SUSPICIOUS_MOVE = YES;
				CLANG_WARN_UNGUARDED_AVAILABILITY = YES_AGGRESSIVE;
				CLANG_WARN_UNREACHABLE_CODE = YES;
				CLANG_WARN__DUPLICATE_METHOD_MATCH = YES;
				CODE_SIGN_IDENTITY = "iPhone Developer";
				COPY_PHASE_STRIP = NO;
				DEBUG_INFORMATION_FORMAT = "dwarf-with-dsym";
				ENABLE_NS_ASSERTIONS = NO;
				ENABLE_STRICT_OBJC_MSGSEND = YES;
				GCC_C_LANGUAGE_STANDARD = gnu11;
				GCC_NO_COMMON_BLOCKS = YES;
				GCC_WARN_64_TO_32_BIT_CONVERSION = YES;
				GCC_WARN_ABOUT_RETURN_TYPE = YES_ERROR;
				GCC_WARN_UNDECLARED_SELECTOR = YES;
				GCC_WARN_UNINITIALIZED_AUTOS = YES_AGGRESSIVE;
				GCC_WARN_UNUSED_FUNCTION = YES;
				GCC_WARN_UNUSED_VARIABLE = YES;
				IPHONEOS_DEPLOYMENT_TARGET = 12.0;
				MTL_ENABLE_DEBUG_INFO = NO;
				MTL_FAST_MATH = YES;
				SDKROOT = iphoneos;
				SWIFT_COMPILATION_MODE = wholemodule;
				SWIFT_OPTIMIZATION_LEVEL = "-O";
				VALIDATE_PRODUCT = YES;
			};
			name = Release;
		};
		A29F243A216740B20025F0A6 /* Debug */ = {
			isa = XCBuildConfiguration;
			buildSettings = {
				ASSETCATALOG_COMPILER_APPICON_NAME = AppIcon;
				CODE_SIGN_STYLE = Automatic;
				INFOPLIST_FILE = MeMe1.0/Info.plist;
				LD_RUNPATH_SEARCH_PATHS = (
					"$(inherited)",
					"@executable_path/Frameworks",
				);
				PRODUCT_BUNDLE_IDENTIFIER = "slchen.MeMe1-0";
				PRODUCT_NAME = "$(TARGET_NAME)";
				SWIFT_VERSION = 4.2;
				TARGETED_DEVICE_FAMILY = "1,2";
			};
			name = Debug;
		};
		A29F243B216740B20025F0A6 /* Release */ = {
			isa = XCBuildConfiguration;
			buildSettings = {
				ASSETCATALOG_COMPILER_APPICON_NAME = AppIcon;
				CODE_SIGN_STYLE = Automatic;
				INFOPLIST_FILE = MeMe1.0/Info.plist;
				LD_RUNPATH_SEARCH_PATHS = (
					"$(inherited)",
					"@executable_path/Frameworks",
				);
				PRODUCT_BUNDLE_IDENTIFIER = "slchen.MeMe1-0";
				PRODUCT_NAME = "$(TARGET_NAME)";
				SWIFT_VERSION = 4.2;
				TARGETED_DEVICE_FAMILY = "1,2";
			};
			name = Release;
		};
/* End XCBuildConfiguration section */

/* Begin XCConfigurationList section */
		A29F2422216740AF0025F0A6 /* Build configuration list for PBXProject "MeMe1.0" */ = {
			isa = XCConfigurationList;
			buildConfigurations = (
				A29F2437216740B20025F0A6 /* Debug */,
				A29F2438216740B20025F0A6 /* Release */,
			);
			defaultConfigurationIsVisible = 0;
			defaultConfigurationName = Release;
		};
		A29F2439216740B20025F0A6 /* Build configuration list for PBXNativeTarget "MeMe1.0" */ = {
			isa = XCConfigurationList;
			buildConfigurations = (
				A29F243A216740B20025F0A6 /* Debug */,
				A29F243B216740B20025F0A6 /* Release */,
			);
			defaultConfigurationIsVisible = 0;
			defaultConfigurationName = Release;
		};
/* End XCConfigurationList section */
	};
	rootObject = A29F241F216740AF0025F0A6 /* Project object */;
}
